
Microsoft Visual Studio Solution File, Format Version 12.00
# Visual Studio Version 17
VisualStudioVersion = 17.9.34616.47
MinimumVisualStudioVersion = 10.0.40219.1
Project("{FAE04EC0-301F-11D3-BF4B-00C04F79EFBC}") = "Progra5-Semana05-1", "Progra5-Semana05-1\Progra5-Semana05-1.csproj", "{35D7BC49-CD8E-4E38-8453-A75F5FE1E70A}"
EndProject
Global
	GlobalSection(SolutionConfigurationPlatforms) = preSolution
		Debug|Any CPU = Debug|Any CPU
		Release|Any CPU = Release|Any CPU
	EndGlobalSection
	GlobalSection(ProjectConfigurationPlatforms) = postSolution
		{35D7BC49-CD8E-4E38-8453-A75F5FE1E70A}.Debug|Any CPU.ActiveCfg = Debug|Any CPU
		{35D7BC49-CD8E-4E38-8453-A75F5FE1E70A}.Debug|Any CPU.Build.0 = Debug|Any CPU
		{35D7BC49-CD8E-4E38-8453-A75F5FE1E70A}.Release|Any CPU.ActiveCfg = Release|Any CPU
		{35D7BC49-CD8E-4E38-8453-A75F5FE1E70A}.Release|Any CPU.Build.0 = Release|Any CPU
	EndGlobalSection
	GlobalSection(SolutionProperties) = preSolution
		HideSolutionNode = FALSE
	EndGlobalSection
	GlobalSection(ExtensibilityGlobals) = postSolution
		SolutionGuid = {F65BD4DE-463C-4D40-843D-72E07E387C41}
	EndGlobalSection
EndGlobal
